
Microsoft Visual Studio Solution File, Format Version 12.00
# Visual Studio 14
VisualStudioVersion = 14.0.25420.1
MinimumVisualStudioVersion = 10.0.40219.1
Project("{FAE04EC0-301F-11D3-BF4B-00C04F79EFBC}") = "01", "01\01.csproj", "{B8F2810A-E26F-447E-A168-489E56F01720}"
EndProject
Project("{FAE04EC0-301F-11D3-BF4B-00C04F79EFBC}") = "02", "02\02.csproj", "{938A2FB5-B840-45FF-ABDD-350F6498B7F5}"
EndProject
Global
	GlobalSection(SolutionConfigurationPlatforms) = preSolution
		Debug|Any CPU = Debug|Any CPU
		Release|Any CPU = Release|Any CPU
	EndGlobalSection
	GlobalSection(ProjectConfigurationPlatforms) = postSolution
		{B8F2810A-E26F-447E-A168-489E56F01720}.Debug|Any CPU.ActiveCfg = Debug|Any CPU
		{B8F2810A-E26F-447E-A168-489E56F01720}.Debug|Any CPU.Build.0 = Debug|Any CPU
		{B8F2810A-E26F-447E-A168-489E56F01720}.Release|Any CPU.ActiveCfg = Release|Any CPU
		{B8F2810A-E26F-447E-A168-489E56F01720}.Release|Any CPU.Build.0 = Release|Any CPU
		{938A2FB5-B840-45FF-ABDD-350F6498B7F5}.Debug|Any CPU.ActiveCfg = Debug|Any CPU
		{938A2FB5-B840-45FF-ABDD-350F6498B7F5}.Debug|Any CPU.Build.0 = Debug|Any CPU
		{938A2FB5-B840-45FF-ABDD-350F6498B7F5}.Release|Any CPU.ActiveCfg = Release|Any CPU
		{938A2FB5-B840-45FF-ABDD-350F6498B7F5}.Release|Any CPU.Build.0 = Release|Any CPU
	EndGlobalSection
	GlobalSection(SolutionProperties) = preSolution
		HideSolutionNode = FALSE
	EndGlobalSection
EndGlobal
