
Microsoft Visual Studio Solution File, Format Version 12.00
# Visual Studio 15
VisualStudioVersion = 15.0.26403.7
MinimumVisualStudioVersion = 10.0.40219.1
Project("{FAE04EC0-301F-11D3-BF4B-00C04F79EFBC}") = "School Competition", "School Competition\School Competition.csproj", "{9EE26389-06E8-4504-8B02-D10E0B28A4DB}"
EndProject
Project("{FAE04EC0-301F-11D3-BF4B-00C04F79EFBC}") = "2", "2\2.csproj", "{C892CD91-36F6-476D-8340-22EBDFBB4F12}"
EndProject
Project("{FAE04EC0-301F-11D3-BF4B-00C04F79EFBC}") = "3", "3\3.csproj", "{79250627-EE57-4C9C-8D8B-C8B5F207B310}"
EndProject
Project("{FAE04EC0-301F-11D3-BF4B-00C04F79EFBC}") = "4", "4\4.csproj", "{341D703C-8869-4490-A7AD-FF7BBC518BA5}"
EndProject
Project("{FAE04EC0-301F-11D3-BF4B-00C04F79EFBC}") = "5", "5\5.csproj", "{46D021B0-A6FE-4FA3-B610-CF804F30C022}"
EndProject
Project("{FAE04EC0-301F-11D3-BF4B-00C04F79EFBC}") = "6", "6\6.csproj", "{C1E857F4-1495-425F-BCA1-B97CBE995201}"
EndProject
Project("{FAE04EC0-301F-11D3-BF4B-00C04F79EFBC}") = "8", "8\8.csproj", "{E4E37E19-B2DD-4228-AE70-EB92FB383DF1}"
EndProject
Global
	GlobalSection(SolutionConfigurationPlatforms) = preSolution
		Debug|Any CPU = Debug|Any CPU
		Release|Any CPU = Release|Any CPU
	EndGlobalSection
	GlobalSection(ProjectConfigurationPlatforms) = postSolution
		{9EE26389-06E8-4504-8B02-D10E0B28A4DB}.Debug|Any CPU.ActiveCfg = Debug|Any CPU
		{9EE26389-06E8-4504-8B02-D10E0B28A4DB}.Debug|Any CPU.Build.0 = Debug|Any CPU
		{9EE26389-06E8-4504-8B02-D10E0B28A4DB}.Release|Any CPU.ActiveCfg = Release|Any CPU
		{9EE26389-06E8-4504-8B02-D10E0B28A4DB}.Release|Any CPU.Build.0 = Release|Any CPU
		{C892CD91-36F6-476D-8340-22EBDFBB4F12}.Debug|Any CPU.ActiveCfg = Debug|Any CPU
		{C892CD91-36F6-476D-8340-22EBDFBB4F12}.Debug|Any CPU.Build.0 = Debug|Any CPU
		{C892CD91-36F6-476D-8340-22EBDFBB4F12}.Release|Any CPU.ActiveCfg = Release|Any CPU
		{C892CD91-36F6-476D-8340-22EBDFBB4F12}.Release|Any CPU.Build.0 = Release|Any CPU
		{79250627-EE57-4C9C-8D8B-C8B5F207B310}.Debug|Any CPU.ActiveCfg = Debug|Any CPU
		{79250627-EE57-4C9C-8D8B-C8B5F207B310}.Debug|Any CPU.Build.0 = Debug|Any CPU
		{79250627-EE57-4C9C-8D8B-C8B5F207B310}.Release|Any CPU.ActiveCfg = Release|Any CPU
		{79250627-EE57-4C9C-8D8B-C8B5F207B310}.Release|Any CPU.Build.0 = Release|Any CPU
		{341D703C-8869-4490-A7AD-FF7BBC518BA5}.Debug|Any CPU.ActiveCfg = Debug|Any CPU
		{341D703C-8869-4490-A7AD-FF7BBC518BA5}.Debug|Any CPU.Build.0 = Debug|Any CPU
		{341D703C-8869-4490-A7AD-FF7BBC518BA5}.Release|Any CPU.ActiveCfg = Release|Any CPU
		{341D703C-8869-4490-A7AD-FF7BBC518BA5}.Release|Any CPU.Build.0 = Release|Any CPU
		{46D021B0-A6FE-4FA3-B610-CF804F30C022}.Debug|Any CPU.ActiveCfg = Debug|Any CPU
		{46D021B0-A6FE-4FA3-B610-CF804F30C022}.Debug|Any CPU.Build.0 = Debug|Any CPU
		{46D021B0-A6FE-4FA3-B610-CF804F30C022}.Release|Any CPU.ActiveCfg = Release|Any CPU
		{46D021B0-A6FE-4FA3-B610-CF804F30C022}.Release|Any CPU.Build.0 = Release|Any CPU
		{C1E857F4-1495-425F-BCA1-B97CBE995201}.Debug|Any CPU.ActiveCfg = Debug|Any CPU
		{C1E857F4-1495-425F-BCA1-B97CBE995201}.Debug|Any CPU.Build.0 = Debug|Any CPU
		{C1E857F4-1495-425F-BCA1-B97CBE995201}.Release|Any CPU.ActiveCfg = Release|Any CPU
		{C1E857F4-1495-425F-BCA1-B97CBE995201}.Release|Any CPU.Build.0 = Release|Any CPU
		{E4E37E19-B2DD-4228-AE70-EB92FB383DF1}.Debug|Any CPU.ActiveCfg = Debug|Any CPU
		{E4E37E19-B2DD-4228-AE70-EB92FB383DF1}.Debug|Any CPU.Build.0 = Debug|Any CPU
		{E4E37E19-B2DD-4228-AE70-EB92FB383DF1}.Release|Any CPU.ActiveCfg = Release|Any CPU
		{E4E37E19-B2DD-4228-AE70-EB92FB383DF1}.Release|Any CPU.Build.0 = Release|Any CPU
	EndGlobalSection
	GlobalSection(SolutionProperties) = preSolution
		HideSolutionNode = FALSE
	EndGlobalSection
EndGlobal
