
Microsoft Visual Studio Solution File, Format Version 12.00
# Visual Studio 14
VisualStudioVersion = 14.0.25420.1
MinimumVisualStudioVersion = 10.0.40219.1
Project("{FAE04EC0-301F-11D3-BF4B-00C04F79EFBC}") = "03", "01. Practice Integers\03.csproj", "{EBA488ED-5505-470C-93E1-8DF1BB1E67D0}"
EndProject
Project("{FAE04EC0-301F-11D3-BF4B-00C04F79EFBC}") = "04ne", "2. Variable in Hexadecimal Format\04ne.csproj", "{D19EB9B6-8489-4303-8791-ACD650EE3756}"
EndProject
Project("{FAE04EC0-301F-11D3-BF4B-00C04F79EFBC}") = "05", "3. Boolean Variable\05.csproj", "{BCED0E02-230A-4714-8FB9-9449F3A59BD2}"
EndProject
Project("{FAE04EC0-301F-11D3-BF4B-00C04F79EFBC}") = "06", "04. Variable in Hex Format\06.csproj", "{B42B4015-F133-49C8-B71B-174C789385E3}"
EndProject
Project("{FAE04EC0-301F-11D3-BF4B-00C04F79EFBC}") = "07", "07\07.csproj", "{66BB5CCF-1533-44E3-B5EF-F65F9387524A}"
EndProject
Project("{FAE04EC0-301F-11D3-BF4B-00C04F79EFBC}") = "08", "08\08.csproj", "{568E1477-61B5-49E6-B962-3DE4CF4C29ED}"
EndProject
Project("{FAE04EC0-301F-11D3-BF4B-00C04F79EFBC}") = "09", "9\09.csproj", "{CFEBF2B3-5F49-4699-ADE5-81C6A671676E}"
EndProject
Project("{FAE04EC0-301F-11D3-BF4B-00C04F79EFBC}") = "10", "10\10.csproj", "{083352BD-0DA4-4361-BF03-659383BEB4BB}"
EndProject
Project("{FAE04EC0-301F-11D3-BF4B-00C04F79EFBC}") = "11ne", "11\11ne.csproj", "{FC5C27D3-E7DA-4E3E-9C5F-398BD8F4B8E7}"
EndProject
Project("{FAE04EC0-301F-11D3-BF4B-00C04F79EFBC}") = "12", "12\12.csproj", "{15CDE7DC-F2D8-4AAB-AE99-80DEBB1BF6E1}"
EndProject
Project("{FAE04EC0-301F-11D3-BF4B-00C04F79EFBC}") = "13", "13\13.csproj", "{6C0FC7E3-20B2-4DFD-A609-D61A2777E1B1}"
EndProject
Project("{FAE04EC0-301F-11D3-BF4B-00C04F79EFBC}") = "14", "14\14.csproj", "{F379FF4E-7D97-49BF-B755-4A289791A24A}"
EndProject
Project("{FAE04EC0-301F-11D3-BF4B-00C04F79EFBC}") = "15", "15\15.csproj", "{F640A7B4-E27D-417F-AC72-4D939EEA125E}"
EndProject
Project("{FAE04EC0-301F-11D3-BF4B-00C04F79EFBC}") = "19", "19\19.csproj", "{0B579B3D-FE65-4EF3-A2BE-FF4A277A590C}"
EndProject
Project("{FAE04EC0-301F-11D3-BF4B-00C04F79EFBC}") = "16", "16\16.csproj", "{87FDED16-22A5-4D49-ADDF-207DA4BD88C8}"
EndProject
Project("{FAE04EC0-301F-11D3-BF4B-00C04F79EFBC}") = "17ne", "17\17ne.csproj", "{11613FAD-69C2-426F-8954-C3667B178B3C}"
EndProject
Project("{FAE04EC0-301F-11D3-BF4B-00C04F79EFBC}") = "18", "18\18.csproj", "{15DA34C3-CA99-4180-AA27-CD70BBEB89A7}"
EndProject
Project("{FAE04EC0-301F-11D3-BF4B-00C04F79EFBC}") = "02", "02\02.csproj", "{6CB1D8A3-CEAB-49CF-A354-0D85F0F7F7AA}"
EndProject
Project("{FAE04EC0-301F-11D3-BF4B-00C04F79EFBC}") = "01", "01\01.csproj", "{E312A125-9C22-4073-9C4B-02F46867F2A8}"
EndProject
Global
	GlobalSection(SolutionConfigurationPlatforms) = preSolution
		Debug|Any CPU = Debug|Any CPU
		Release|Any CPU = Release|Any CPU
	EndGlobalSection
	GlobalSection(ProjectConfigurationPlatforms) = postSolution
		{EBA488ED-5505-470C-93E1-8DF1BB1E67D0}.Debug|Any CPU.ActiveCfg = Debug|Any CPU
		{EBA488ED-5505-470C-93E1-8DF1BB1E67D0}.Debug|Any CPU.Build.0 = Debug|Any CPU
		{EBA488ED-5505-470C-93E1-8DF1BB1E67D0}.Release|Any CPU.ActiveCfg = Release|Any CPU
		{EBA488ED-5505-470C-93E1-8DF1BB1E67D0}.Release|Any CPU.Build.0 = Release|Any CPU
		{D19EB9B6-8489-4303-8791-ACD650EE3756}.Debug|Any CPU.ActiveCfg = Debug|Any CPU
		{D19EB9B6-8489-4303-8791-ACD650EE3756}.Debug|Any CPU.Build.0 = Debug|Any CPU
		{D19EB9B6-8489-4303-8791-ACD650EE3756}.Release|Any CPU.ActiveCfg = Release|Any CPU
		{D19EB9B6-8489-4303-8791-ACD650EE3756}.Release|Any CPU.Build.0 = Release|Any CPU
		{BCED0E02-230A-4714-8FB9-9449F3A59BD2}.Debug|Any CPU.ActiveCfg = Debug|Any CPU
		{BCED0E02-230A-4714-8FB9-9449F3A59BD2}.Debug|Any CPU.Build.0 = Debug|Any CPU
		{BCED0E02-230A-4714-8FB9-9449F3A59BD2}.Release|Any CPU.ActiveCfg = Release|Any CPU
		{BCED0E02-230A-4714-8FB9-9449F3A59BD2}.Release|Any CPU.Build.0 = Release|Any CPU
		{B42B4015-F133-49C8-B71B-174C789385E3}.Debug|Any CPU.ActiveCfg = Debug|Any CPU
		{B42B4015-F133-49C8-B71B-174C789385E3}.Debug|Any CPU.Build.0 = Debug|Any CPU
		{B42B4015-F133-49C8-B71B-174C789385E3}.Release|Any CPU.ActiveCfg = Release|Any CPU
		{B42B4015-F133-49C8-B71B-174C789385E3}.Release|Any CPU.Build.0 = Release|Any CPU
		{66BB5CCF-1533-44E3-B5EF-F65F9387524A}.Debug|Any CPU.ActiveCfg = Debug|Any CPU
		{66BB5CCF-1533-44E3-B5EF-F65F9387524A}.Debug|Any CPU.Build.0 = Debug|Any CPU
		{66BB5CCF-1533-44E3-B5EF-F65F9387524A}.Release|Any CPU.ActiveCfg = Release|Any CPU
		{66BB5CCF-1533-44E3-B5EF-F65F9387524A}.Release|Any CPU.Build.0 = Release|Any CPU
		{568E1477-61B5-49E6-B962-3DE4CF4C29ED}.Debug|Any CPU.ActiveCfg = Debug|Any CPU
		{568E1477-61B5-49E6-B962-3DE4CF4C29ED}.Debug|Any CPU.Build.0 = Debug|Any CPU
		{568E1477-61B5-49E6-B962-3DE4CF4C29ED}.Release|Any CPU.ActiveCfg = Release|Any CPU
		{568E1477-61B5-49E6-B962-3DE4CF4C29ED}.Release|Any CPU.Build.0 = Release|Any CPU
		{CFEBF2B3-5F49-4699-ADE5-81C6A671676E}.Debug|Any CPU.ActiveCfg = Debug|Any CPU
		{CFEBF2B3-5F49-4699-ADE5-81C6A671676E}.Debug|Any CPU.Build.0 = Debug|Any CPU
		{CFEBF2B3-5F49-4699-ADE5-81C6A671676E}.Release|Any CPU.ActiveCfg = Release|Any CPU
		{CFEBF2B3-5F49-4699-ADE5-81C6A671676E}.Release|Any CPU.Build.0 = Release|Any CPU
		{083352BD-0DA4-4361-BF03-659383BEB4BB}.Debug|Any CPU.ActiveCfg = Debug|Any CPU
		{083352BD-0DA4-4361-BF03-659383BEB4BB}.Debug|Any CPU.Build.0 = Debug|Any CPU
		{083352BD-0DA4-4361-BF03-659383BEB4BB}.Release|Any CPU.ActiveCfg = Release|Any CPU
		{083352BD-0DA4-4361-BF03-659383BEB4BB}.Release|Any CPU.Build.0 = Release|Any CPU
		{FC5C27D3-E7DA-4E3E-9C5F-398BD8F4B8E7}.Debug|Any CPU.ActiveCfg = Debug|Any CPU
		{FC5C27D3-E7DA-4E3E-9C5F-398BD8F4B8E7}.Debug|Any CPU.Build.0 = Debug|Any CPU
		{FC5C27D3-E7DA-4E3E-9C5F-398BD8F4B8E7}.Release|Any CPU.ActiveCfg = Release|Any CPU
		{FC5C27D3-E7DA-4E3E-9C5F-398BD8F4B8E7}.Release|Any CPU.Build.0 = Release|Any CPU
		{15CDE7DC-F2D8-4AAB-AE99-80DEBB1BF6E1}.Debug|Any CPU.ActiveCfg = Debug|Any CPU
		{15CDE7DC-F2D8-4AAB-AE99-80DEBB1BF6E1}.Debug|Any CPU.Build.0 = Debug|Any CPU
		{15CDE7DC-F2D8-4AAB-AE99-80DEBB1BF6E1}.Release|Any CPU.ActiveCfg = Release|Any CPU
		{15CDE7DC-F2D8-4AAB-AE99-80DEBB1BF6E1}.Release|Any CPU.Build.0 = Release|Any CPU
		{6C0FC7E3-20B2-4DFD-A609-D61A2777E1B1}.Debug|Any CPU.ActiveCfg = Debug|Any CPU
		{6C0FC7E3-20B2-4DFD-A609-D61A2777E1B1}.Debug|Any CPU.Build.0 = Debug|Any CPU
		{6C0FC7E3-20B2-4DFD-A609-D61A2777E1B1}.Release|Any CPU.ActiveCfg = Release|Any CPU
		{6C0FC7E3-20B2-4DFD-A609-D61A2777E1B1}.Release|Any CPU.Build.0 = Release|Any CPU
		{F379FF4E-7D97-49BF-B755-4A289791A24A}.Debug|Any CPU.ActiveCfg = Debug|Any CPU
		{F379FF4E-7D97-49BF-B755-4A289791A24A}.Debug|Any CPU.Build.0 = Debug|Any CPU
		{F379FF4E-7D97-49BF-B755-4A289791A24A}.Release|Any CPU.ActiveCfg = Release|Any CPU
		{F379FF4E-7D97-49BF-B755-4A289791A24A}.Release|Any CPU.Build.0 = Release|Any CPU
		{F640A7B4-E27D-417F-AC72-4D939EEA125E}.Debug|Any CPU.ActiveCfg = Debug|Any CPU
		{F640A7B4-E27D-417F-AC72-4D939EEA125E}.Debug|Any CPU.Build.0 = Debug|Any CPU
		{F640A7B4-E27D-417F-AC72-4D939EEA125E}.Release|Any CPU.ActiveCfg = Release|Any CPU
		{F640A7B4-E27D-417F-AC72-4D939EEA125E}.Release|Any CPU.Build.0 = Release|Any CPU
		{0B579B3D-FE65-4EF3-A2BE-FF4A277A590C}.Debug|Any CPU.ActiveCfg = Debug|Any CPU
		{0B579B3D-FE65-4EF3-A2BE-FF4A277A590C}.Debug|Any CPU.Build.0 = Debug|Any CPU
		{0B579B3D-FE65-4EF3-A2BE-FF4A277A590C}.Release|Any CPU.ActiveCfg = Release|Any CPU
		{0B579B3D-FE65-4EF3-A2BE-FF4A277A590C}.Release|Any CPU.Build.0 = Release|Any CPU
		{87FDED16-22A5-4D49-ADDF-207DA4BD88C8}.Debug|Any CPU.ActiveCfg = Debug|Any CPU
		{87FDED16-22A5-4D49-ADDF-207DA4BD88C8}.Debug|Any CPU.Build.0 = Debug|Any CPU
		{87FDED16-22A5-4D49-ADDF-207DA4BD88C8}.Release|Any CPU.ActiveCfg = Release|Any CPU
		{87FDED16-22A5-4D49-ADDF-207DA4BD88C8}.Release|Any CPU.Build.0 = Release|Any CPU
		{11613FAD-69C2-426F-8954-C3667B178B3C}.Debug|Any CPU.ActiveCfg = Debug|Any CPU
		{11613FAD-69C2-426F-8954-C3667B178B3C}.Debug|Any CPU.Build.0 = Debug|Any CPU
		{11613FAD-69C2-426F-8954-C3667B178B3C}.Release|Any CPU.ActiveCfg = Release|Any CPU
		{11613FAD-69C2-426F-8954-C3667B178B3C}.Release|Any CPU.Build.0 = Release|Any CPU
		{15DA34C3-CA99-4180-AA27-CD70BBEB89A7}.Debug|Any CPU.ActiveCfg = Debug|Any CPU
		{15DA34C3-CA99-4180-AA27-CD70BBEB89A7}.Debug|Any CPU.Build.0 = Debug|Any CPU
		{15DA34C3-CA99-4180-AA27-CD70BBEB89A7}.Release|Any CPU.ActiveCfg = Release|Any CPU
		{15DA34C3-CA99-4180-AA27-CD70BBEB89A7}.Release|Any CPU.Build.0 = Release|Any CPU
		{6CB1D8A3-CEAB-49CF-A354-0D85F0F7F7AA}.Debug|Any CPU.ActiveCfg = Debug|Any CPU
		{6CB1D8A3-CEAB-49CF-A354-0D85F0F7F7AA}.Debug|Any CPU.Build.0 = Debug|Any CPU
		{6CB1D8A3-CEAB-49CF-A354-0D85F0F7F7AA}.Release|Any CPU.ActiveCfg = Release|Any CPU
		{6CB1D8A3-CEAB-49CF-A354-0D85F0F7F7AA}.Release|Any CPU.Build.0 = Release|Any CPU
		{E312A125-9C22-4073-9C4B-02F46867F2A8}.Debug|Any CPU.ActiveCfg = Debug|Any CPU
		{E312A125-9C22-4073-9C4B-02F46867F2A8}.Debug|Any CPU.Build.0 = Debug|Any CPU
		{E312A125-9C22-4073-9C4B-02F46867F2A8}.Release|Any CPU.ActiveCfg = Release|Any CPU
		{E312A125-9C22-4073-9C4B-02F46867F2A8}.Release|Any CPU.Build.0 = Release|Any CPU
	EndGlobalSection
	GlobalSection(SolutionProperties) = preSolution
		HideSolutionNode = FALSE
	EndGlobalSection
EndGlobal
